
Microsoft Visual Studio Solution File, Format Version 12.00
# Visual Studio Version 16
VisualStudioVersion = 16.0.30804.86
MinimumVisualStudioVersion = 10.0.40219.1
Project("{FAE04EC0-301F-11D3-BF4B-00C04F79EFBC}") = "LAN-Share", "LAN-Share.csproj", "{51581F92-34F8-4E82-871B-DAE04B27E1B3}"
EndProject
Global
	GlobalSection(SolutionConfigurationPlatforms) = preSolution
		Debug|Any CPU = Debug|Any CPU
		Release|Any CPU = Release|Any CPU
	EndGlobalSection
	GlobalSection(ProjectConfigurationPlatforms) = postSolution
		{51581F92-34F8-4E82-871B-DAE04B27E1B3}.Debug|Any CPU.ActiveCfg = Debug|Any CPU
		{51581F92-34F8-4E82-871B-DAE04B27E1B3}.Debug|Any CPU.Build.0 = Debug|Any CPU
		{51581F92-34F8-4E82-871B-DAE04B27E1B3}.Release|Any CPU.ActiveCfg = Release|Any CPU
		{51581F92-34F8-4E82-871B-DAE04B27E1B3}.Release|Any CPU.Build.0 = Release|Any CPU
	EndGlobalSection
	GlobalSection(SolutionProperties) = preSolution
		HideSolutionNode = FALSE
	EndGlobalSection
	GlobalSection(ExtensibilityGlobals) = postSolution
		SolutionGuid = {0BC4B3BC-AF97-4F94-AA89-7319CF57D7D9}
	EndGlobalSection
EndGlobal
